<Solution>
  <Folder Name="/API/">
    <Project Path="BrisaPMS.API/BrisaPMS.API.csproj" Id="b6eb9d25-4d2e-4e14-9cde-5160b16be358" />
  </Folder>
  <Folder Name="/Core/">
    <Project Path="BrisaPMS.Application/BrisaPMS.Application.csproj" />
    <Project Path="BrisaPMS.Domain/BrisaPMS.Domain.csproj" />
  </Folder>
  <Folder Name="/Infrastructure/">
    <Project Path="BrisaPMS.Identity/BrisaPMS.Identity.csproj" Id="5a72b895-b27e-46ee-85a9-28718f1f2f89" />
    <Project Path="BrisaPMS.Persistence/BrisaPMS.Persistence.csproj" />
  </Folder>
  <Folder Name="/Tests/">
    <Project Path="BrisaPMS.UnitTests/BrisaPMS.UnitTests.csproj" />
  </Folder>
</Solution>
